// !$*UTF8*$!
{
	archiveVersion = 1;
	classes = {
	};
	objectVersion = 45;
	objects = {

/* Begin PBXBuildFile section */
		2F7446990DB6B7EA00F9684A /* MainMenu.xib in Resources */ = {isa = PBXBuildFile; fileRef = 2F7446970DB6B7EA00F9684A /* MainMenu.xib */; };
		77C8280E06725ACE000B614F /* Ticky_AppDelegate.m in Sources */ = {isa = PBXBuildFile; fileRef = 77C8280C06725ACE000B614F /* Ticky_AppDelegate.m */; };
		8D11072B0486CEB800E47090 /* InfoPlist.strings in Resources */ = {isa = PBXBuildFile; fileRef = 089C165CFE840E0CC02AAC07 /* InfoPlist.strings */; };
		8D11072D0486CEB800E47090 /* main.m in Sources */ = {isa = PBXBuildFile; fileRef = 29B97316FDCFA39411CA2CEA /* main.m */; settings = {ATTRIBUTES = (); }; };
		8D11072F0486CEB800E47090 /* Cocoa.framework in Frameworks */ = {isa = PBXBuildFile; fileRef = 1058C7A1FEA54F0111CA2CBB /* Cocoa.framework */; };
		E9012E8B11805C7200BBDA60 /* Ticky_AddTaskPanel.m in Sources */ = {isa = PBXBuildFile; fileRef = E9012E8A11805C7200BBDA60 /* Ticky_AddTaskPanel.m */; };
		E91A497F11808DEC004C3557 /* BWToolkitFramework.framework in Frameworks */ = {isa = PBXBuildFile; fileRef = E91A497E11808DEC004C3557 /* BWToolkitFramework.framework */; };
		E91A498F11808E1B004C3557 /* BWToolkitFramework.framework in Copy 3rd party frameworks */ = {isa = PBXBuildFile; fileRef = E91A497E11808DEC004C3557 /* BWToolkitFramework.framework */; };
		E933748211AABF8000B5260B /* Ticky_DataModel.xcdatamodeld in Sources */ = {isa = PBXBuildFile; fileRef = E933748111AABF8000B5260B /* Ticky_DataModel.xcdatamodeld */; };
		E93374AD11AAC22700B5260B /* 1.1to1.2.xcmappingmodel in Sources */ = {isa = PBXBuildFile; fileRef = E93374AC11AAC22700B5260B /* 1.1to1.2.xcmappingmodel */; };
		E950C08D1184872F003EEB33 /* Task.m in Sources */ = {isa = PBXBuildFile; fileRef = E950C08C1184872F003EEB33 /* Task.m */; };
		E9CD8DA5117488F3001F846E /* Ticky_ArrayController.m in Sources */ = {isa = PBXBuildFile; fileRef = E9CD8DA4117488F3001F846E /* Ticky_ArrayController.m */; };
		E9CD8DCF117495E7001F846E /* icon.icns in Resources */ = {isa = PBXBuildFile; fileRef = E9CD8DCE117495E7001F846E /* icon.icns */; };
		E9CD8ECE1174B2A0001F846E /* Sparkle.framework in Frameworks */ = {isa = PBXBuildFile; fileRef = E9CD8ECD1174B2A0001F846E /* Sparkle.framework */; };
		E9CD8EDB1174B2D8001F846E /* Sparkle.framework in Copy 3rd party frameworks */ = {isa = PBXBuildFile; fileRef = E9CD8ECD1174B2A0001F846E /* Sparkle.framework */; };
		E9CD8EE01174B4C4001F846E /* dsa_pub.pem in Resources */ = {isa = PBXBuildFile; fileRef = E9CD8EDF1174B4C4001F846E /* dsa_pub.pem */; };
/* End PBXBuildFile section */

/* Begin PBXCopyFilesBuildPhase section */
		E9CD8EDA1174B2B7001F846E /* Copy 3rd party frameworks */ = {
			isa = PBXCopyFilesBuildPhase;
			buildActionMask = 2147483647;
			dstPath = "";
			dstSubfolderSpec = 10;
			files = (
				E91A498F11808E1B004C3557 /* BWToolkitFramework.framework in Copy 3rd party frameworks */,
				E9CD8EDB1174B2D8001F846E /* Sparkle.framework in Copy 3rd party frameworks */,
			);
			name = "Copy 3rd party frameworks";
			runOnlyForDeploymentPostprocessing = 0;
		};
/* End PBXCopyFilesBuildPhase section */

/* Begin PBXFileReference section */
		089C165DFE840E0CC02AAC07 /* English */ = {isa = PBXFileReference; fileEncoding = 10; lastKnownFileType = text.plist.strings; name = English; path = English.lproj/InfoPlist.strings; sourceTree = "<group>"; };
		1058C7A1FEA54F0111CA2CBB /* Cocoa.framework */ = {isa = PBXFileReference; lastKnownFileType = wrapper.framework; name = Cocoa.framework; path = /System/Library/Frameworks/Cocoa.framework; sourceTree = "<absolute>"; };
		29B97316FDCFA39411CA2CEA /* main.m */ = {isa = PBXFileReference; fileEncoding = 4; lastKnownFileType = sourcecode.c.objc; path = main.m; sourceTree = "<group>"; };
		29B97324FDCFA39411CA2CEA /* AppKit.framework */ = {isa = PBXFileReference; lastKnownFileType = wrapper.framework; name = AppKit.framework; path = /System/Library/Frameworks/AppKit.framework; sourceTree = "<absolute>"; };
		29B97325FDCFA39411CA2CEA /* Foundation.framework */ = {isa = PBXFileReference; lastKnownFileType = wrapper.framework; name = Foundation.framework; path = /System/Library/Frameworks/Foundation.framework; sourceTree = "<absolute>"; };
		2F7446980DB6B7EA00F9684A /* English */ = {isa = PBXFileReference; lastKnownFileType = file.xib; name = English; path = English.lproj/MainMenu.xib; sourceTree = "<group>"; };
		32CA4F630368D1EE00C91783 /* Ticky_Prefix.pch */ = {isa = PBXFileReference; fileEncoding = 4; lastKnownFileType = sourcecode.c.h; path = Ticky_Prefix.pch; sourceTree = "<group>"; };
		770B37EC0679A11B001EADE2 /* Ticky_DataModel1.2.xcdatamodel */ = {isa = PBXFileReference; fileEncoding = 4; lastKnownFileType = wrapper.xcdatamodel; path = Ticky_DataModel1.2.xcdatamodel; sourceTree = "<group>"; };
		77C82804067257F0000B614F /* CoreData.framework */ = {isa = PBXFileReference; lastKnownFileType = wrapper.framework; name = CoreData.framework; path = /System/Library/Frameworks/CoreData.framework; sourceTree = "<absolute>"; };
		77C8280B06725ACE000B614F /* Ticky_AppDelegate.h */ = {isa = PBXFileReference; fileEncoding = 4; lastKnownFileType = sourcecode.c.h; path = Ticky_AppDelegate.h; sourceTree = "<group>"; };
		77C8280C06725ACE000B614F /* Ticky_AppDelegate.m */ = {isa = PBXFileReference; fileEncoding = 4; lastKnownFileType = sourcecode.c.objc; path = Ticky_AppDelegate.m; sourceTree = "<group>"; };
		8D1107310486CEB800E47090 /* Ticky-Info.plist */ = {isa = PBXFileReference; explicitFileType = text.plist.xml; fileEncoding = 4; path = "Ticky-Info.plist"; sourceTree = "<group>"; };
		8D1107320486CEB800E47090 /* Ticky.app */ = {isa = PBXFileReference; explicitFileType = wrapper.application; includeInIndex = 0; path = Ticky.app; sourceTree = BUILT_PRODUCTS_DIR; };
		E9012E8911805C7200BBDA60 /* Ticky_AddTaskPanel.h */ = {isa = PBXFileReference; fileEncoding = 4; lastKnownFileType = sourcecode.c.h; path = Ticky_AddTaskPanel.h; sourceTree = "<group>"; };
		E9012E8A11805C7200BBDA60 /* Ticky_AddTaskPanel.m */ = {isa = PBXFileReference; fileEncoding = 4; lastKnownFileType = sourcecode.c.objc; path = Ticky_AddTaskPanel.m; sourceTree = "<group>"; };
		E91A497E11808DEC004C3557 /* BWToolkitFramework.framework */ = {isa = PBXFileReference; lastKnownFileType = wrapper.framework; name = BWToolkitFramework.framework; path = /Users/thomas/Downloads/BWToolkit/BWToolkitFramework.framework; sourceTree = "<absolute>"; };
		E933748311AABF8000B5260B /* Ticky_DataModel1.1.xcdatamodel */ = {isa = PBXFileReference; lastKnownFileType = wrapper.xcdatamodel; path = Ticky_DataModel1.1.xcdatamodel; sourceTree = "<group>"; };
		E93374AC11AAC22700B5260B /* 1.1to1.2.xcmappingmodel */ = {isa = PBXFileReference; fileEncoding = 4; lastKnownFileType = wrapper.xcmappingmodel; path = 1.1to1.2.xcmappingmodel; sourceTree = "<group>"; };
		E93374D411AAC7FE00B5260B /* Ticky_Globals.h */ = {isa = PBXFileReference; fileEncoding = 4; lastKnownFileType = sourcecode.c.h; path = Ticky_Globals.h; sourceTree = "<group>"; };
		E950C08B1184872F003EEB33 /* Task.h */ = {isa = PBXFileReference; fileEncoding = 4; lastKnownFileType = sourcecode.c.h; path = Task.h; sourceTree = "<group>"; };
		E950C08C1184872F003EEB33 /* Task.m */ = {isa = PBXFileReference; fileEncoding = 4; lastKnownFileType = sourcecode.c.objc; path = Task.m; sourceTree = "<group>"; };
		E9CD8DA3117488F3001F846E /* Ticky_ArrayController.h */ = {isa = PBXFileReference; fileEncoding = 4; lastKnownFileType = sourcecode.c.h; path = Ticky_ArrayController.h; sourceTree = "<group>"; };
		E9CD8DA4117488F3001F846E /* Ticky_ArrayController.m */ = {isa = PBXFileReference; fileEncoding = 4; lastKnownFileType = sourcecode.c.objc; path = Ticky_ArrayController.m; sourceTree = "<group>"; };
		E9CD8DCE117495E7001F846E /* icon.icns */ = {isa = PBXFileReference; lastKnownFileType = image.icns; path = icon.icns; sourceTree = "<group>"; };
		E9CD8ECD1174B2A0001F846E /* Sparkle.framework */ = {isa = PBXFileReference; lastKnownFileType = wrapper.framework; path = Sparkle.framework; sourceTree = "<group>"; };
		E9CD8EDF1174B4C4001F846E /* dsa_pub.pem */ = {isa = PBXFileReference; fileEncoding = 4; lastKnownFileType = text; path = dsa_pub.pem; sourceTree = "<group>"; };
/* End PBXFileReference section */

/* Begin PBXFrameworksBuildPhase section */
		8D11072E0486CEB800E47090 /* Frameworks */ = {
			isa = PBXFrameworksBuildPhase;
			buildActionMask = 2147483647;
			files = (
				8D11072F0486CEB800E47090 /* Cocoa.framework in Frameworks */,
				E9CD8ECE1174B2A0001F846E /* Sparkle.framework in Frameworks */,
				E91A497F11808DEC004C3557 /* BWToolkitFramework.framework in Frameworks */,
			);
			runOnlyForDeploymentPostprocessing = 0;
		};
/* End PBXFrameworksBuildPhase section */

/* Begin PBXGroup section */
		080E96DDFE201D6D7F000001 /* Classes */ = {
			isa = PBXGroup;
			children = (
				77C8280B06725ACE000B614F /* Ticky_AppDelegate.h */,
				77C8280C06725ACE000B614F /* Ticky_AppDelegate.m */,
				E9CD8DA3117488F3001F846E /* Ticky_ArrayController.h */,
				E9CD8DA4117488F3001F846E /* Ticky_ArrayController.m */,
				E9012E8911805C7200BBDA60 /* Ticky_AddTaskPanel.h */,
				E9012E8A11805C7200BBDA60 /* Ticky_AddTaskPanel.m */,
				E93374D411AAC7FE00B5260B /* Ticky_Globals.h */,
			);
			name = Classes;
			sourceTree = "<group>";
		};
		1058C7A0FEA54F0111CA2CBB /* Linked Frameworks */ = {
			isa = PBXGroup;
			children = (
				E9CD8ECD1174B2A0001F846E /* Sparkle.framework */,
				1058C7A1FEA54F0111CA2CBB /* Cocoa.framework */,
				E91A497E11808DEC004C3557 /* BWToolkitFramework.framework */,
			);
			name = "Linked Frameworks";
			sourceTree = "<group>";
		};
		1058C7A2FEA54F0111CA2CBB /* Other Frameworks */ = {
			isa = PBXGroup;
			children = (
				77C82804067257F0000B614F /* CoreData.framework */,
				29B97325FDCFA39411CA2CEA /* Foundation.framework */,
				29B97324FDCFA39411CA2CEA /* AppKit.framework */,
			);
			name = "Other Frameworks";
			sourceTree = "<group>";
		};
		19C28FACFE9D520D11CA2CBB /* Products */ = {
			isa = PBXGroup;
			children = (
				8D1107320486CEB800E47090 /* Ticky.app */,
			);
			name = Products;
			sourceTree = "<group>";
		};
		29B97314FDCFA39411CA2CEA /* Ticky */ = {
			isa = PBXGroup;
			children = (
				7756732906782D8800D1FEB8 /* Models */,
				080E96DDFE201D6D7F000001 /* Classes */,
				29B97315FDCFA39411CA2CEA /* Other Sources */,
				29B97317FDCFA39411CA2CEA /* Resources */,
				29B97323FDCFA39411CA2CEA /* Frameworks */,
				19C28FACFE9D520D11CA2CBB /* Products */,
			);
			name = Ticky;
			sourceTree = "<group>";
		};
		29B97315FDCFA39411CA2CEA /* Other Sources */ = {
			isa = PBXGroup;
			children = (
				32CA4F630368D1EE00C91783 /* Ticky_Prefix.pch */,
				29B97316FDCFA39411CA2CEA /* main.m */,
			);
			name = "Other Sources";
			sourceTree = "<group>";
		};
		29B97317FDCFA39411CA2CEA /* Resources */ = {
			isa = PBXGroup;
			children = (
				E9CD8EDF1174B4C4001F846E /* dsa_pub.pem */,
				E9CD8DCE117495E7001F846E /* icon.icns */,
				8D1107310486CEB800E47090 /* Ticky-Info.plist */,
				089C165CFE840E0CC02AAC07 /* InfoPlist.strings */,
				2F7446970DB6B7EA00F9684A /* MainMenu.xib */,
			);
			name = Resources;
			sourceTree = "<group>";
		};
		29B97323FDCFA39411CA2CEA /* Frameworks */ = {
			isa = PBXGroup;
			children = (
				1058C7A0FEA54F0111CA2CBB /* Linked Frameworks */,
				1058C7A2FEA54F0111CA2CBB /* Other Frameworks */,
			);
			name = Frameworks;
			sourceTree = "<group>";
		};
		7756732906782D8800D1FEB8 /* Models */ = {
			isa = PBXGroup;
			children = (
				E950C08B1184872F003EEB33 /* Task.h */,
				E950C08C1184872F003EEB33 /* Task.m */,
				E933748111AABF8000B5260B /* Ticky_DataModel.xcdatamodeld */,
			);
			name = Models;
			sourceTree = "<group>";
		};
/* End PBXGroup section */

/* Begin PBXNativeTarget section */
		8D1107260486CEB800E47090 /* Ticky */ = {
			isa = PBXNativeTarget;
			buildConfigurationList = 26FC0A840875C7B200E6366F /* Build configuration list for PBXNativeTarget "Ticky" */;
			buildPhases = (
				E9D3AC9C118313940088F47D /* Update version number */,
				E9CD8EDA1174B2B7001F846E /* Copy 3rd party frameworks */,
				8D1107290486CEB800E47090 /* Resources */,
				8D11072C0486CEB800E47090 /* Sources */,
				8D11072E0486CEB800E47090 /* Frameworks */,
			);
			buildRules = (
			);
			dependencies = (
			);
			name = Ticky;
			productInstallPath = "$(HOME)/Applications";
			productName = Ticky;
			productReference = 8D1107320486CEB800E47090 /* Ticky.app */;
			productType = "com.apple.product-type.application";
		};
/* End PBXNativeTarget section */

/* Begin PBXProject section */
		29B97313FDCFA39411CA2CEA /* Project object */ = {
			isa = PBXProject;
			buildConfigurationList = 26FC0A880875C7B200E6366F /* Build configuration list for PBXProject "Ticky" */;
			compatibilityVersion = "Xcode 3.1";
			hasScannedForEncodings = 1;
			mainGroup = 29B97314FDCFA39411CA2CEA /* Ticky */;
			projectDirPath = "";
			projectRoot = "";
			targets = (
				8D1107260486CEB800E47090 /* Ticky */,
			);
		};
/* End PBXProject section */

/* Begin PBXResourcesBuildPhase section */
		8D1107290486CEB800E47090 /* Resources */ = {
			isa = PBXResourcesBuildPhase;
			buildActionMask = 2147483647;
			files = (
				8D11072B0486CEB800E47090 /* InfoPlist.strings in Resources */,
				2F7446990DB6B7EA00F9684A /* MainMenu.xib in Resources */,
				E9CD8DCF117495E7001F846E /* icon.icns in Resources */,
				E9CD8EE01174B4C4001F846E /* dsa_pub.pem in Resources */,
			);
			runOnlyForDeploymentPostprocessing = 0;
		};
/* End PBXResourcesBuildPhase section */

/* Begin PBXShellScriptBuildPhase section */
		E9D3AC9C118313940088F47D /* Update version number */ = {
			isa = PBXShellScriptBuildPhase;
			buildActionMask = 2147483647;
			files = (
			);
			inputPaths = (
			);
			name = "Update version number";
			outputPaths = (
			);
			runOnlyForDeploymentPostprocessing = 0;
			shellPath = /usr/bin/python;
			shellScript = "from os import environ\nfrom os import path\nfrom git import *\nfrom plistlib import *\n\nrepo = Repo(environ['PROJECT_DIR'])\n\nshort = \"0\"\nversion = \"0\"\n\nfor tag in repo.tags:\n    tag = str(tag)\n    tag = tag.replace('v', '')\n    cmpval = int(tag.replace('.', ''))\n    if cmpval > int(version):\n        short = tag\n        version = tag.replace('.', '')\n\nplist_path = path.join(environ['PROJECT_DIR'], \"%s-Info.plist\" % environ['PROJECT_NAME'])\n\npl = readPlist(plist_path)\n\npl['CFBundleVersion'] = version\npl['CFBundleShortVersionString'] = short\n\nwritePlist(pl, plist_path)\n";
		};
/* End PBXShellScriptBuildPhase section */

/* Begin PBXSourcesBuildPhase section */
		8D11072C0486CEB800E47090 /* Sources */ = {
			isa = PBXSourcesBuildPhase;
			buildActionMask = 2147483647;
			files = (
				8D11072D0486CEB800E47090 /* main.m in Sources */,
				77C8280E06725ACE000B614F /* Ticky_AppDelegate.m in Sources */,
				E933748211AABF8000B5260B /* Ticky_DataModel.xcdatamodeld in Sources */,
				E9CD8DA5117488F3001F846E /* Ticky_ArrayController.m in Sources */,
				E9012E8B11805C7200BBDA60 /* Ticky_AddTaskPanel.m in Sources */,
				E950C08D1184872F003EEB33 /* Task.m in Sources */,
				E93374AD11AAC22700B5260B /* 1.1to1.2.xcmappingmodel in Sources */,
			);
			runOnlyForDeploymentPostprocessing = 0;
		};
/* End PBXSourcesBuildPhase section */

/* Begin PBXVariantGroup section */
		089C165CFE840E0CC02AAC07 /* InfoPlist.strings */ = {
			isa = PBXVariantGroup;
			children = (
				089C165DFE840E0CC02AAC07 /* English */,
			);
			name = InfoPlist.strings;
			sourceTree = "<group>";
		};
		2F7446970DB6B7EA00F9684A /* MainMenu.xib */ = {
			isa = PBXVariantGroup;
			children = (
				2F7446980DB6B7EA00F9684A /* English */,
			);
			name = MainMenu.xib;
			sourceTree = "<group>";
		};
/* End PBXVariantGroup section */

/* Begin XCBuildConfiguration section */
		26FC0A850875C7B200E6366F /* Debug */ = {
			isa = XCBuildConfiguration;
			buildSettings = {
				ARCHS = "$(ARCHS_STANDARD_32_64_BIT)";
				COPY_PHASE_STRIP = NO;
				FRAMEWORK_SEARCH_PATHS = (
					"$(inherited)",
					"\"$(SRCROOT)\"",
					"\"$(SRCROOT)/../../../Downloads/BWToolkit\"",
				);
				GCC_DYNAMIC_NO_PIC = NO;
				GCC_ENABLE_FIX_AND_CONTINUE = YES;
				GCC_ENABLE_OBJC_EXCEPTIONS = YES;
				GCC_MODEL_TUNING = G5;
				GCC_OPTIMIZATION_LEVEL = 0;
				GCC_PRECOMPILE_PREFIX_HEADER = YES;
				GCC_PREFIX_HEADER = Ticky_Prefix.pch;
				INFOPLIST_FILE = "Ticky-Info.plist";
				INSTALL_PATH = "$(HOME)/Applications";
				PRODUCT_NAME = Ticky;
				WRAPPER_EXTENSION = app;
			};
			name = Debug;
		};
		26FC0A860875C7B200E6366F /* Release */ = {
			isa = XCBuildConfiguration;
			buildSettings = {
				DEBUG_INFORMATION_FORMAT = "dwarf-with-dsym";
				FRAMEWORK_SEARCH_PATHS = (
					"$(inherited)",
					"\"$(SRCROOT)\"",
					"\"$(SRCROOT)/../../../Downloads/BWToolkit\"",
				);
				GCC_ENABLE_OBJC_EXCEPTIONS = YES;
				GCC_MODEL_TUNING = G5;
				GCC_PRECOMPILE_PREFIX_HEADER = YES;
				GCC_PREFIX_HEADER = Ticky_Prefix.pch;
				INFOPLIST_FILE = "Ticky-Info.plist";
				INSTALL_PATH = "$(HOME)/Applications";
				PRODUCT_NAME = Ticky;
				WRAPPER_EXTENSION = app;
			};
			name = Release;
		};
		26FC0A890875C7B200E6366F /* Debug */ = {
			isa = XCBuildConfiguration;
			buildSettings = {
				ARCHS = "$(ARCHS_STANDARD_32_64_BIT)";
				GCC_C_LANGUAGE_STANDARD = gnu99;
				GCC_VERSION = com.apple.compilers.llvm.clang.1_0;
				GCC_WARN_ABOUT_MISSING_NEWLINE = YES;
				GCC_WARN_ABOUT_RETURN_TYPE = YES;
				GCC_WARN_CHECK_SWITCH_STATEMENTS = YES;
				GCC_WARN_MISSING_PARENTHESES = NO;
				GCC_WARN_UNUSED_FUNCTION = YES;
				GCC_WARN_UNUSED_VARIABLE = YES;
				ONLY_ACTIVE_ARCH = YES;
				PREBINDING = NO;
				RUN_CLANG_STATIC_ANALYZER = YES;
				SDKROOT = macosx10.5;
			};
			name = Debug;
		};
		26FC0A8A0875C7B200E6366F /* Release */ = {
			isa = XCBuildConfiguration;
			buildSettings = {
				ARCHS = "$(ARCHS_STANDARD_32_64_BIT)";
				GCC_C_LANGUAGE_STANDARD = gnu99;
				GCC_VERSION = com.apple.compilers.llvm.clang.1_0;
				GCC_WARN_ABOUT_RETURN_TYPE = YES;
				GCC_WARN_UNUSED_VARIABLE = YES;
				PREBINDING = NO;
				SDKROOT = macosx10.5;
			};
			name = Release;
		};
/* End XCBuildConfiguration section */

/* Begin XCConfigurationList section */
		26FC0A840875C7B200E6366F /* Build configuration list for PBXNativeTarget "Ticky" */ = {
			isa = XCConfigurationList;
			buildConfigurations = (
				26FC0A850875C7B200E6366F /* Debug */,
				26FC0A860875C7B200E6366F /* Release */,
			);
			defaultConfigurationIsVisible = 0;
			defaultConfigurationName = Release;
		};
		26FC0A880875C7B200E6366F /* Build configuration list for PBXProject "Ticky" */ = {
			isa = XCConfigurationList;
			buildConfigurations = (
				26FC0A890875C7B200E6366F /* Debug */,
				26FC0A8A0875C7B200E6366F /* Release */,
			);
			defaultConfigurationIsVisible = 0;
			defaultConfigurationName = Release;
		};
/* End XCConfigurationList section */

/* Begin XCVersionGroup section */
		E933748111AABF8000B5260B /* Ticky_DataModel.xcdatamodeld */ = {
			isa = XCVersionGroup;
			children = (
				770B37EC0679A11B001EADE2 /* Ticky_DataModel1.2.xcdatamodel */,
				E933748311AABF8000B5260B /* Ticky_DataModel1.1.xcdatamodel */,
				E93374AC11AAC22700B5260B /* 1.1to1.2.xcmappingmodel */,
			);
			currentVersion = 770B37EC0679A11B001EADE2 /* Ticky_DataModel1.2.xcdatamodel */;
			path = Ticky_DataModel.xcdatamodeld;
			sourceTree = "<group>";
			versionGroupType = wrapper.xcdatamodel;
		};
/* End XCVersionGroup section */
	};
	rootObject = 29B97313FDCFA39411CA2CEA /* Project object */;
}
